<?xml version="1.0" encoding="utf-8"?>
<Project ToolsVersion="4.0" xmlns="http://schemas.microsoft.com/developer/msbuild/2003">
  <ItemGroup>
    <Filter Include="Source Files">
      <UniqueIdentifier>{656683bf-af4c-438f-b66a-6ea8e9930881}</UniqueIdentifier>
      <Extensions>cpp;c;cxx;def;odl;idl;hpj;bat;asm</Extensions>
    </Filter>
    <Filter Include="Header Files">
      <UniqueIdentifier>{3265483f-cea5-40b3-9e0b-3df657b5d423}</UniqueIdentifier>
      <Extensions>h;hpp;hxx;hm;inl;inc</Extensions>
    </Filter>
    <Filter Include="Resource Files">
      <UniqueIdentifier>{e9072834-8061-476b-a295-5f1ab8acc34c}</UniqueIdentifier>
      <Extensions>rc;ico;cur;bmp;dlg;rc2;rct;bin;rgs;gif;jpg;jpeg;jpe</Extensions>
    </Filter>
  </ItemGroup>
  <ItemGroup>
    <ClCompile Include="Ats.cpp">
      <Filter>Source Files</Filter>
    </ClCompile>
    <ClCompile Include="stdafx.cpp">
      <Filter>Source Files</Filter>
    </ClCompile>
    <ClCompile Include="Wiper.cpp">
      <Filter>Source Files</Filter>
    </ClCompile>
    <ClCompile Include="Accel.cpp">
      <Filter>Source Files</Filter>
    </ClCompile>
    <ClCompile Include="Atc.cpp">
      <Filter>Source Files</Filter>
    </ClCompile>
    <ClCompile Include="AtsP.cpp">
      <Filter>Source Files</Filter>
    </ClCompile>
    <ClCompile Include="Sub.cpp">
      <Filter>Source Files</Filter>
    </ClCompile>
  </ItemGroup>
  <ItemGroup>
    <None Include="Ats.def">
      <Filter>Source Files</Filter>
    </None>
    <None Include="README.md" />
  </ItemGroup>
  <ItemGroup>
    <ClInclude Include="Ats.h">
      <Filter>Header Files</Filter>
    </ClInclude>
    <ClInclude Include="atsplugin.h">
      <Filter>Header Files</Filter>
    </ClInclude>
    <ClInclude Include="stdafx.h">
      <Filter>Header Files</Filter>
    </ClInclude>
    <ClInclude Include="Wiper.h">
      <Filter>Header Files</Filter>
    </ClInclude>
    <ClInclude Include="Accel.h">
      <Filter>Header Files</Filter>
    </ClInclude>
    <ClInclude Include="Base.h">
      <Filter>Header Files</Filter>
    </ClInclude>
    <ClInclude Include="AtcfsCfg.h">
      <Filter>Header Files</Filter>
    </ClInclude>
    <ClInclude Include="Atc.h">
      <Filter>Header Files</Filter>
    </ClInclude>
    <ClInclude Include="AtsP.h">
      <Filter>Header Files</Filter>
    </ClInclude>
    <ClInclude Include="Sub.h">
      <Filter>Header Files</Filter>
    </ClInclude>
    <ClInclude Include="resource.h">
      <Filter>Header Files</Filter>
    </ClInclude>
  </ItemGroup>
  <ItemGroup>
    <ResourceCompile Include="Version.rc">
      <Filter>Resource Files</Filter>
    </ResourceCompile>
  </ItemGroup>
</Project>